// !$*UTF8*$!
{
	archiveVersion = 1;
	classes = {
	};
	objectVersion = 50;
	objects = {

/* Begin PBXBuildFile section */
		134FA23022E949DF00058A42 /* CollectionViewCell.m in Sources */ = {isa = PBXBuildFile; fileRef = 134FA22F22E949DF00058A42 /* CollectionViewCell.m */; };
		134FA23322E94A0500058A42 /* PhotoModel.m in Sources */ = {isa = PBXBuildFile; fileRef = 134FA23222E94A0500058A42 /* PhotoModel.m */; };
		134FA23722E9909600058A42 /* photo.gif in Resources */ = {isa = PBXBuildFile; fileRef = 134FA23622E9909600058A42 /* photo.gif */; };
		13D265DE22E6BADE00D562D3 /* AppDelegate.m in Sources */ = {isa = PBXBuildFile; fileRef = 13D265DD22E6BADE00D562D3 /* AppDelegate.m */; };
		13D265E122E6BADE00D562D3 /* ViewController.m in Sources */ = {isa = PBXBuildFile; fileRef = 13D265E022E6BADE00D562D3 /* ViewController.m */; };
		13D265E422E6BADE00D562D3 /* Main.storyboard in Resources */ = {isa = PBXBuildFile; fileRef = 13D265E222E6BADE00D562D3 /* Main.storyboard */; };
		13D265E622E6BAE400D562D3 /* Assets.xcassets in Resources */ = {isa = PBXBuildFile; fileRef = 13D265E522E6BAE400D562D3 /* Assets.xcassets */; };
		13D265E922E6BAE400D562D3 /* LaunchScreen.storyboard in Resources */ = {isa = PBXBuildFile; fileRef = 13D265E722E6BAE400D562D3 /* LaunchScreen.storyboard */; };
		13D265EC22E6BAE400D562D3 /* main.m in Sources */ = {isa = PBXBuildFile; fileRef = 13D265EB22E6BAE400D562D3 /* main.m */; };
		13D265F622E6BAE400D562D3 /* LFBPhotoPickerTests.m in Sources */ = {isa = PBXBuildFile; fileRef = 13D265F522E6BAE400D562D3 /* LFBPhotoPickerTests.m */; };
		13D2660122E6BAE500D562D3 /* LFBPhotoPickerUITests.m in Sources */ = {isa = PBXBuildFile; fileRef = 13D2660022E6BAE500D562D3 /* LFBPhotoPickerUITests.m */; };
		13D2662022E6BB1100D562D3 /* LFBImageGroupVC.m in Sources */ = {isa = PBXBuildFile; fileRef = 13D2661122E6BB1100D562D3 /* LFBImageGroupVC.m */; };
		13D2662122E6BB1100D562D3 /* LFBSelfImage.m in Sources */ = {isa = PBXBuildFile; fileRef = 13D2661222E6BB1100D562D3 /* LFBSelfImage.m */; };
		13D2662222E6BB1100D562D3 /* LFBShowImageCell.m in Sources */ = {isa = PBXBuildFile; fileRef = 13D2661422E6BB1100D562D3 /* LFBShowImageCell.m */; };
		13D2662322E6BB1100D562D3 /* LFBPhotoPickerService.m in Sources */ = {isa = PBXBuildFile; fileRef = 13D2661522E6BB1100D562D3 /* LFBPhotoPickerService.m */; };
		13D2662422E6BB1100D562D3 /* LFBShowImageCell.xib in Resources */ = {isa = PBXBuildFile; fileRef = 13D2661622E6BB1100D562D3 /* LFBShowImageCell.xib */; };
		13D2662522E6BB1100D562D3 /* PHAssetLibrary.m in Sources */ = {isa = PBXBuildFile; fileRef = 13D2661722E6BB1100D562D3 /* PHAssetLibrary.m */; };
		13D2662622E6BB1100D562D3 /* YXYTGroupImageCell.m in Sources */ = {isa = PBXBuildFile; fileRef = 13D2661822E6BB1100D562D3 /* YXYTGroupImageCell.m */; };
		13D2662722E6BB1100D562D3 /* LFBShowImageVC.m in Sources */ = {isa = PBXBuildFile; fileRef = 13D2661922E6BB1100D562D3 /* LFBShowImageVC.m */; };
		13D2662822E6BB1100D562D3 /* LFBAsset.m in Sources */ = {isa = PBXBuildFile; fileRef = 13D2661A22E6BB1100D562D3 /* LFBAsset.m */; };
		13D2662C22E6BD3D00D562D3 /* LFBNaviServer.m in Sources */ = {isa = PBXBuildFile; fileRef = 13D2662B22E6BD3D00D562D3 /* LFBNaviServer.m */; };
		13D2664B22E6BFA400D562D3 /* LICENSE in Resources */ = {isa = PBXBuildFile; fileRef = 13D2662F22E6BFA400D562D3 /* LICENSE */; };
		13D2664C22E6BFA400D562D3 /* NSLayoutConstraint+MASDebugAdditions.m in Sources */ = {isa = PBXBuildFile; fileRef = 13D2663222E6BFA400D562D3 /* NSLayoutConstraint+MASDebugAdditions.m */; };
		13D2664D22E6BFA400D562D3 /* ViewController+MASAdditions.m in Sources */ = {isa = PBXBuildFile; fileRef = 13D2663B22E6BFA400D562D3 /* ViewController+MASAdditions.m */; };
		13D2664E22E6BFA400D562D3 /* MASCompositeConstraint.m in Sources */ = {isa = PBXBuildFile; fileRef = 13D2663F22E6BFA400D562D3 /* MASCompositeConstraint.m */; };
		13D2664F22E6BFA400D562D3 /* MASConstraintMaker.m in Sources */ = {isa = PBXBuildFile; fileRef = 13D2664022E6BFA400D562D3 /* MASConstraintMaker.m */; };
		13D2665022E6BFA400D562D3 /* MASLayoutConstraint.m in Sources */ = {isa = PBXBuildFile; fileRef = 13D2664122E6BFA400D562D3 /* MASLayoutConstraint.m */; };
		13D2665122E6BFA400D562D3 /* NSArray+MASAdditions.m in Sources */ = {isa = PBXBuildFile; fileRef = 13D2664222E6BFA400D562D3 /* NSArray+MASAdditions.m */; };
		13D2665222E6BFA400D562D3 /* View+MASAdditions.m in Sources */ = {isa = PBXBuildFile; fileRef = 13D2664322E6BFA400D562D3 /* View+MASAdditions.m */; };
		13D2665322E6BFA400D562D3 /* MASConstraint.m in Sources */ = {isa = PBXBuildFile; fileRef = 13D2664622E6BFA400D562D3 /* MASConstraint.m */; };
		13D2665422E6BFA400D562D3 /* MASViewConstraint.m in Sources */ = {isa = PBXBuildFile; fileRef = 13D2664822E6BFA400D562D3 /* MASViewConstraint.m */; };
		13D2665522E6BFA400D562D3 /* MASViewAttribute.m in Sources */ = {isa = PBXBuildFile; fileRef = 13D2664922E6BFA400D562D3 /* MASViewAttribute.m */; };
		13D2665622E6BFA400D562D3 /* README.md in Resources */ = {isa = PBXBuildFile; fileRef = 13D2664A22E6BFA400D562D3 /* README.md */; };
		13D2665C22E6DDF700D562D3 /* ic_photo_hook@3x.png in Resources */ = {isa = PBXBuildFile; fileRef = 13D2665822E6DDF700D562D3 /* ic_photo_hook@3x.png */; };
		13D2665D22E6DDF700D562D3 /* ic_photo_hook@2x.png in Resources */ = {isa = PBXBuildFile; fileRef = 13D2665922E6DDF700D562D3 /* ic_photo_hook@2x.png */; };
		13D2665E22E6DDF700D562D3 /* ic_photo_hook_p@2x.png in Resources */ = {isa = PBXBuildFile; fileRef = 13D2665A22E6DDF700D562D3 /* ic_photo_hook_p@2x.png */; };
		13D2665F22E6DDF700D562D3 /* ic_photo_hook_p@3x.png in Resources */ = {isa = PBXBuildFile; fileRef = 13D2665B22E6DDF700D562D3 /* ic_photo_hook_p@3x.png */; };
/* End PBXBuildFile section */

/* Begin PBXContainerItemProxy section */
		13D265F222E6BAE400D562D3 /* PBXContainerItemProxy */ = {
			isa = PBXContainerItemProxy;
			containerPortal = 13D265D122E6BADE00D562D3 /* Project object */;
			proxyType = 1;
			remoteGlobalIDString = 13D265D822E6BADE00D562D3;
			remoteInfo = LFBPhotoPicker;
		};
		13D265FD22E6BAE500D562D3 /* PBXContainerItemProxy */ = {
			isa = PBXContainerItemProxy;
			containerPortal = 13D265D122E6BADE00D562D3 /* Project object */;
			proxyType = 1;
			remoteGlobalIDString = 13D265D822E6BADE00D562D3;
			remoteInfo = LFBPhotoPicker;
		};
/* End PBXContainerItemProxy section */

/* Begin PBXFileReference section */
		134FA22E22E949DF00058A42 /* CollectionViewCell.h */ = {isa = PBXFileReference; lastKnownFileType = sourcecode.c.h; path = CollectionViewCell.h; sourceTree = "<group>"; };
		134FA22F22E949DF00058A42 /* CollectionViewCell.m */ = {isa = PBXFileReference; lastKnownFileType = sourcecode.c.objc; path = CollectionViewCell.m; sourceTree = "<group>"; };
		134FA23122E94A0500058A42 /* PhotoModel.h */ = {isa = PBXFileReference; lastKnownFileType = sourcecode.c.h; path = PhotoModel.h; sourceTree = "<group>"; };
		134FA23222E94A0500058A42 /* PhotoModel.m */ = {isa = PBXFileReference; lastKnownFileType = sourcecode.c.objc; path = PhotoModel.m; sourceTree = "<group>"; };
		134FA23622E9909600058A42 /* photo.gif */ = {isa = PBXFileReference; lastKnownFileType = image.gif; path = photo.gif; sourceTree = "<group>"; };
		13D265D922E6BADE00D562D3 /* LFBPhotoPicker.app */ = {isa = PBXFileReference; explicitFileType = wrapper.application; includeInIndex = 0; path = LFBPhotoPicker.app; sourceTree = BUILT_PRODUCTS_DIR; };
		13D265DC22E6BADE00D562D3 /* AppDelegate.h */ = {isa = PBXFileReference; lastKnownFileType = sourcecode.c.h; path = AppDelegate.h; sourceTree = "<group>"; };
		13D265DD22E6BADE00D562D3 /* AppDelegate.m */ = {isa = PBXFileReference; lastKnownFileType = sourcecode.c.objc; path = AppDelegate.m; sourceTree = "<group>"; };
		13D265DF22E6BADE00D562D3 /* ViewController.h */ = {isa = PBXFileReference; lastKnownFileType = sourcecode.c.h; path = ViewController.h; sourceTree = "<group>"; };
		13D265E022E6BADE00D562D3 /* ViewController.m */ = {isa = PBXFileReference; lastKnownFileType = sourcecode.c.objc; path = ViewController.m; sourceTree = "<group>"; };
		13D265E322E6BADE00D562D3 /* Base */ = {isa = PBXFileReference; lastKnownFileType = file.storyboard; name = Base; path = Base.lproj/Main.storyboard; sourceTree = "<group>"; };
		13D265E522E6BAE400D562D3 /* Assets.xcassets */ = {isa = PBXFileReference; lastKnownFileType = folder.assetcatalog; path = Assets.xcassets; sourceTree = "<group>"; };
		13D265E822E6BAE400D562D3 /* Base */ = {isa = PBXFileReference; lastKnownFileType = file.storyboard; name = Base; path = Base.lproj/LaunchScreen.storyboard; sourceTree = "<group>"; };
		13D265EA22E6BAE400D562D3 /* Info.plist */ = {isa = PBXFileReference; lastKnownFileType = text.plist.xml; path = Info.plist; sourceTree = "<group>"; };
		13D265EB22E6BAE400D562D3 /* main.m */ = {isa = PBXFileReference; lastKnownFileType = sourcecode.c.objc; path = main.m; sourceTree = "<group>"; };
		13D265F122E6BAE400D562D3 /* LFBPhotoPickerTests.xctest */ = {isa = PBXFileReference; explicitFileType = wrapper.cfbundle; includeInIndex = 0; path = LFBPhotoPickerTests.xctest; sourceTree = BUILT_PRODUCTS_DIR; };
		13D265F522E6BAE400D562D3 /* LFBPhotoPickerTests.m */ = {isa = PBXFileReference; lastKnownFileType = sourcecode.c.objc; path = LFBPhotoPickerTests.m; sourceTree = "<group>"; };
		13D265F722E6BAE400D562D3 /* Info.plist */ = {isa = PBXFileReference; lastKnownFileType = text.plist.xml; path = Info.plist; sourceTree = "<group>"; };
		13D265FC22E6BAE500D562D3 /* LFBPhotoPickerUITests.xctest */ = {isa = PBXFileReference; explicitFileType = wrapper.cfbundle; includeInIndex = 0; path = LFBPhotoPickerUITests.xctest; sourceTree = BUILT_PRODUCTS_DIR; };
		13D2660022E6BAE500D562D3 /* LFBPhotoPickerUITests.m */ = {isa = PBXFileReference; lastKnownFileType = sourcecode.c.objc; path = LFBPhotoPickerUITests.m; sourceTree = "<group>"; };
		13D2660222E6BAE500D562D3 /* Info.plist */ = {isa = PBXFileReference; lastKnownFileType = text.plist.xml; path = Info.plist; sourceTree = "<group>"; };
		13D2660F22E6BB1100D562D3 /* LFBShowImageVC.h */ = {isa = PBXFileReference; fileEncoding = 4; lastKnownFileType = sourcecode.c.h; path = LFBShowImageVC.h; sourceTree = "<group>"; };
		13D2661022E6BB1100D562D3 /* YXYTGroupImageCell.h */ = {isa = PBXFileReference; fileEncoding = 4; lastKnownFileType = sourcecode.c.h; path = YXYTGroupImageCell.h; sourceTree = "<group>"; };
		13D2661122E6BB1100D562D3 /* LFBImageGroupVC.m */ = {isa = PBXFileReference; fileEncoding = 4; lastKnownFileType = sourcecode.c.objc; path = LFBImageGroupVC.m; sourceTree = "<group>"; };
		13D2661222E6BB1100D562D3 /* LFBSelfImage.m */ = {isa = PBXFileReference; fileEncoding = 4; lastKnownFileType = sourcecode.c.objc; path = LFBSelfImage.m; sourceTree = "<group>"; };
		13D2661322E6BB1100D562D3 /* LFBAsset.h */ = {isa = PBXFileReference; fileEncoding = 4; lastKnownFileType = sourcecode.c.h; path = LFBAsset.h; sourceTree = "<group>"; };
		13D2661422E6BB1100D562D3 /* LFBShowImageCell.m */ = {isa = PBXFileReference; fileEncoding = 4; lastKnownFileType = sourcecode.c.objc; path = LFBShowImageCell.m; sourceTree = "<group>"; };
		13D2661522E6BB1100D562D3 /* LFBPhotoPickerService.m */ = {isa = PBXFileReference; fileEncoding = 4; lastKnownFileType = sourcecode.c.objc; path = LFBPhotoPickerService.m; sourceTree = "<group>"; };
		13D2661622E6BB1100D562D3 /* LFBShowImageCell.xib */ = {isa = PBXFileReference; fileEncoding = 4; lastKnownFileType = file.xib; path = LFBShowImageCell.xib; sourceTree = "<group>"; };
		13D2661722E6BB1100D562D3 /* PHAssetLibrary.m */ = {isa = PBXFileReference; fileEncoding = 4; lastKnownFileType = sourcecode.c.objc; path = PHAssetLibrary.m; sourceTree = "<group>"; };
		13D2661822E6BB1100D562D3 /* YXYTGroupImageCell.m */ = {isa = PBXFileReference; fileEncoding = 4; lastKnownFileType = sourcecode.c.objc; path = YXYTGroupImageCell.m; sourceTree = "<group>"; };
		13D2661922E6BB1100D562D3 /* LFBShowImageVC.m */ = {isa = PBXFileReference; fileEncoding = 4; lastKnownFileType = sourcecode.c.objc; path = LFBShowImageVC.m; sourceTree = "<group>"; };
		13D2661A22E6BB1100D562D3 /* LFBAsset.m */ = {isa = PBXFileReference; fileEncoding = 4; lastKnownFileType = sourcecode.c.objc; path = LFBAsset.m; sourceTree = "<group>"; };
		13D2661B22E6BB1100D562D3 /* LFBShowImageCell.h */ = {isa = PBXFileReference; fileEncoding = 4; lastKnownFileType = sourcecode.c.h; path = LFBShowImageCell.h; sourceTree = "<group>"; };
		13D2661C22E6BB1100D562D3 /* LFBImageGroupVC.h */ = {isa = PBXFileReference; fileEncoding = 4; lastKnownFileType = sourcecode.c.h; path = LFBImageGroupVC.h; sourceTree = "<group>"; };
		13D2661D22E6BB1100D562D3 /* LFBSelfImage.h */ = {isa = PBXFileReference; fileEncoding = 4; lastKnownFileType = sourcecode.c.h; path = LFBSelfImage.h; sourceTree = "<group>"; };
		13D2661E22E6BB1100D562D3 /* LFBPhotoPickerService.h */ = {isa = PBXFileReference; fileEncoding = 4; lastKnownFileType = sourcecode.c.h; path = LFBPhotoPickerService.h; sourceTree = "<group>"; };
		13D2661F22E6BB1100D562D3 /* PHAssetLibrary.h */ = {isa = PBXFileReference; fileEncoding = 4; lastKnownFileType = sourcecode.c.h; path = PHAssetLibrary.h; sourceTree = "<group>"; };
		13D2662A22E6BD3D00D562D3 /* LFBNaviServer.h */ = {isa = PBXFileReference; fileEncoding = 4; lastKnownFileType = sourcecode.c.h; path = LFBNaviServer.h; sourceTree = "<group>"; };
		13D2662B22E6BD3D00D562D3 /* LFBNaviServer.m */ = {isa = PBXFileReference; fileEncoding = 4; lastKnownFileType = sourcecode.c.objc; path = LFBNaviServer.m; sourceTree = "<group>"; };
		13D2662D22E6BD6F00D562D3 /* LFBPhotoPickerPrivate.h */ = {isa = PBXFileReference; lastKnownFileType = sourcecode.c.h; path = LFBPhotoPickerPrivate.h; sourceTree = "<group>"; };
		13D2662F22E6BFA400D562D3 /* LICENSE */ = {isa = PBXFileReference; fileEncoding = 4; lastKnownFileType = text; path = LICENSE; sourceTree = "<group>"; };
		13D2663122E6BFA400D562D3 /* MASCompositeConstraint.h */ = {isa = PBXFileReference; fileEncoding = 4; lastKnownFileType = sourcecode.c.h; path = MASCompositeConstraint.h; sourceTree = "<group>"; };
		13D2663222E6BFA400D562D3 /* NSLayoutConstraint+MASDebugAdditions.m */ = {isa = PBXFileReference; fileEncoding = 4; lastKnownFileType = sourcecode.c.objc; path = "NSLayoutConstraint+MASDebugAdditions.m"; sourceTree = "<group>"; };
		13D2663322E6BFA400D562D3 /* MASConstraint+Private.h */ = {isa = PBXFileReference; fileEncoding = 4; lastKnownFileType = sourcecode.c.h; path = "MASConstraint+Private.h"; sourceTree = "<group>"; };
		13D2663422E6BFA400D562D3 /* MASLayoutConstraint.h */ = {isa = PBXFileReference; fileEncoding = 4; lastKnownFileType = sourcecode.c.h; path = MASLayoutConstraint.h; sourceTree = "<group>"; };
		13D2663522E6BFA400D562D3 /* NSArray+MASShorthandAdditions.h */ = {isa = PBXFileReference; fileEncoding = 4; lastKnownFileType = sourcecode.c.h; path = "NSArray+MASShorthandAdditions.h"; sourceTree = "<group>"; };
		13D2663622E6BFA400D562D3 /* MASConstraintMaker.h */ = {isa = PBXFileReference; fileEncoding = 4; lastKnownFileType = sourcecode.c.h; path = MASConstraintMaker.h; sourceTree = "<group>"; };
		13D2663722E6BFA400D562D3 /* View+MASAdditions.h */ = {isa = PBXFileReference; fileEncoding = 4; lastKnownFileType = sourcecode.c.h; path = "View+MASAdditions.h"; sourceTree = "<group>"; };
		13D2663822E6BFA400D562D3 /* NSArray+MASAdditions.h */ = {isa = PBXFileReference; fileEncoding = 4; lastKnownFileType = sourcecode.c.h; path = "NSArray+MASAdditions.h"; sourceTree = "<group>"; };
		13D2663922E6BFA400D562D3 /* MASUtilities.h */ = {isa = PBXFileReference; fileEncoding = 4; lastKnownFileType = sourcecode.c.h; path = MASUtilities.h; sourceTree = "<group>"; };
		13D2663A22E6BFA400D562D3 /* MASViewAttribute.h */ = {isa = PBXFileReference; fileEncoding = 4; lastKnownFileType = sourcecode.c.h; path = MASViewAttribute.h; sourceTree = "<group>"; };
		13D2663B22E6BFA400D562D3 /* ViewController+MASAdditions.m */ = {isa = PBXFileReference; fileEncoding = 4; lastKnownFileType = sourcecode.c.objc; path = "ViewController+MASAdditions.m"; sourceTree = "<group>"; };
		13D2663C22E6BFA400D562D3 /* MASViewConstraint.h */ = {isa = PBXFileReference; fileEncoding = 4; lastKnownFileType = sourcecode.c.h; path = MASViewConstraint.h; sourceTree = "<group>"; };
		13D2663D22E6BFA400D562D3 /* MASConstraint.h */ = {isa = PBXFileReference; fileEncoding = 4; lastKnownFileType = sourcecode.c.h; path = MASConstraint.h; sourceTree = "<group>"; };
		13D2663E22E6BFA400D562D3 /* NSLayoutConstraint+MASDebugAdditions.h */ = {isa = PBXFileReference; fileEncoding = 4; lastKnownFileType = sourcecode.c.h; path = "NSLayoutConstraint+MASDebugAdditions.h"; sourceTree = "<group>"; };
		13D2663F22E6BFA400D562D3 /* MASCompositeConstraint.m */ = {isa = PBXFileReference; fileEncoding = 4; lastKnownFileType = sourcecode.c.objc; path = MASCompositeConstraint.m; sourceTree = "<group>"; };
		13D2664022E6BFA400D562D3 /* MASConstraintMaker.m */ = {isa = PBXFileReference; fileEncoding = 4; lastKnownFileType = sourcecode.c.objc; path = MASConstraintMaker.m; sourceTree = "<group>"; };
		13D2664122E6BFA400D562D3 /* MASLayoutConstraint.m */ = {isa = PBXFileReference; fileEncoding = 4; lastKnownFileType = sourcecode.c.objc; path = MASLayoutConstraint.m; sourceTree = "<group>"; };
		13D2664222E6BFA400D562D3 /* NSArray+MASAdditions.m */ = {isa = PBXFileReference; fileEncoding = 4; lastKnownFileType = sourcecode.c.objc; path = "NSArray+MASAdditions.m"; sourceTree = "<group>"; };
		13D2664322E6BFA400D562D3 /* View+MASAdditions.m */ = {isa = PBXFileReference; fileEncoding = 4; lastKnownFileType = sourcecode.c.objc; path = "View+MASAdditions.m"; sourceTree = "<group>"; };
		13D2664422E6BFA400D562D3 /* View+MASShorthandAdditions.h */ = {isa = PBXFileReference; fileEncoding = 4; lastKnownFileType = sourcecode.c.h; path = "View+MASShorthandAdditions.h"; sourceTree = "<group>"; };
		13D2664522E6BFA400D562D3 /* Masonry.h */ = {isa = PBXFileReference; fileEncoding = 4; lastKnownFileType = sourcecode.c.h; path = Masonry.h; sourceTree = "<group>"; };
		13D2664622E6BFA400D562D3 /* MASConstraint.m */ = {isa = PBXFileReference; fileEncoding = 4; lastKnownFileType = sourcecode.c.objc; path = MASConstraint.m; sourceTree = "<group>"; };
		13D2664722E6BFA400D562D3 /* ViewController+MASAdditions.h */ = {isa = PBXFileReference; fileEncoding = 4; lastKnownFileType = sourcecode.c.h; path = "ViewController+MASAdditions.h"; sourceTree = "<group>"; };
		13D2664822E6BFA400D562D3 /* MASViewConstraint.m */ = {isa = PBXFileReference; fileEncoding = 4; lastKnownFileType = sourcecode.c.objc; path = MASViewConstraint.m; sourceTree = "<group>"; };
		13D2664922E6BFA400D562D3 /* MASViewAttribute.m */ = {isa = PBXFileReference; fileEncoding = 4; lastKnownFileType = sourcecode.c.objc; path = MASViewAttribute.m; sourceTree = "<group>"; };
		13D2664A22E6BFA400D562D3 /* README.md */ = {isa = PBXFileReference; fileEncoding = 4; lastKnownFileType = net.daringfireball.markdown; path = README.md; sourceTree = "<group>"; };
		13D2665822E6DDF700D562D3 /* ic_photo_hook@3x.png */ = {isa = PBXFileReference; lastKnownFileType = image.png; path = "ic_photo_hook@3x.png"; sourceTree = "<group>"; };
		13D2665922E6DDF700D562D3 /* ic_photo_hook@2x.png */ = {isa = PBXFileReference; lastKnownFileType = image.png; path = "ic_photo_hook@2x.png"; sourceTree = "<group>"; };
		13D2665A22E6DDF700D562D3 /* ic_photo_hook_p@2x.png */ = {isa = PBXFileReference; lastKnownFileType = image.png; path = "ic_photo_hook_p@2x.png"; sourceTree = "<group>"; };
		13D2665B22E6DDF700D562D3 /* ic_photo_hook_p@3x.png */ = {isa = PBXFileReference; lastKnownFileType = image.png; path = "ic_photo_hook_p@3x.png"; sourceTree = "<group>"; };
/* End PBXFileReference section */

/* Begin PBXFrameworksBuildPhase section */
		13D265D622E6BADE00D562D3 /* Frameworks */ = {
			isa = PBXFrameworksBuildPhase;
			buildActionMask = 2147483647;
			files = (
			);
			runOnlyForDeploymentPostprocessing = 0;
		};
		13D265EE22E6BAE400D562D3 /* Frameworks */ = {
			isa = PBXFrameworksBuildPhase;
			buildActionMask = 2147483647;
			files = (
			);
			runOnlyForDeploymentPostprocessing = 0;
		};
		13D265F922E6BAE500D562D3 /* Frameworks */ = {
			isa = PBXFrameworksBuildPhase;
			buildActionMask = 2147483647;
			files = (
			);
			runOnlyForDeploymentPostprocessing = 0;
		};
/* End PBXFrameworksBuildPhase section */

/* Begin PBXGroup section */
		13D265D022E6BADE00D562D3 = {
			isa = PBXGroup;
			children = (
				13D265DB22E6BADE00D562D3 /* LFBPhotoPicker */,
				13D2662E22E6BFA400D562D3 /* Masonry */,
				13D265F422E6BAE400D562D3 /* LFBPhotoPickerTests */,
				13D265FF22E6BAE500D562D3 /* LFBPhotoPickerUITests */,
				13D265DA22E6BADE00D562D3 /* Products */,
			);
			sourceTree = "<group>";
		};
		13D265DA22E6BADE00D562D3 /* Products */ = {
			isa = PBXGroup;
			children = (
				13D265D922E6BADE00D562D3 /* LFBPhotoPicker.app */,
				13D265F122E6BAE400D562D3 /* LFBPhotoPickerTests.xctest */,
				13D265FC22E6BAE500D562D3 /* LFBPhotoPickerUITests.xctest */,
			);
			name = Products;
			sourceTree = "<group>";
		};
		13D265DB22E6BADE00D562D3 /* LFBPhotoPicker */ = {
			isa = PBXGroup;
			children = (
				13D265DC22E6BADE00D562D3 /* AppDelegate.h */,
				13D265DD22E6BADE00D562D3 /* AppDelegate.m */,
				13D265DF22E6BADE00D562D3 /* ViewController.h */,
				13D265E022E6BADE00D562D3 /* ViewController.m */,
				134FA22E22E949DF00058A42 /* CollectionViewCell.h */,
				134FA22F22E949DF00058A42 /* CollectionViewCell.m */,
				134FA23122E94A0500058A42 /* PhotoModel.h */,
				134FA23222E94A0500058A42 /* PhotoModel.m */,
				13D2660E22E6BB1100D562D3 /* LFBPhotoPickerManagers */,
				13D265E222E6BADE00D562D3 /* Main.storyboard */,
				13D265E522E6BAE400D562D3 /* Assets.xcassets */,
				13D265E722E6BAE400D562D3 /* LaunchScreen.storyboard */,
				13D265EA22E6BAE400D562D3 /* Info.plist */,
				13D265EB22E6BAE400D562D3 /* main.m */,
				134FA23622E9909600058A42 /* photo.gif */,
			);
			path = LFBPhotoPicker;
			sourceTree = "<group>";
		};
		13D265F422E6BAE400D562D3 /* LFBPhotoPickerTests */ = {
			isa = PBXGroup;
			children = (
				13D265F522E6BAE400D562D3 /* LFBPhotoPickerTests.m */,
				13D265F722E6BAE400D562D3 /* Info.plist */,
			);
			path = LFBPhotoPickerTests;
			sourceTree = "<group>";
		};
		13D265FF22E6BAE500D562D3 /* LFBPhotoPickerUITests */ = {
			isa = PBXGroup;
			children = (
				13D2660022E6BAE500D562D3 /* LFBPhotoPickerUITests.m */,
				13D2660222E6BAE500D562D3 /* Info.plist */,
			);
			path = LFBPhotoPickerUITests;
			sourceTree = "<group>";
		};
		13D2660E22E6BB1100D562D3 /* LFBPhotoPickerManagers */ = {
			isa = PBXGroup;
			children = (
				13D2661E22E6BB1100D562D3 /* LFBPhotoPickerService.h */,
				13D2661522E6BB1100D562D3 /* LFBPhotoPickerService.m */,
				13D2662D22E6BD6F00D562D3 /* LFBPhotoPickerPrivate.h */,
				13D2661C22E6BB1100D562D3 /* LFBImageGroupVC.h */,
				13D2661122E6BB1100D562D3 /* LFBImageGroupVC.m */,
				13D2660F22E6BB1100D562D3 /* LFBShowImageVC.h */,
				13D2661922E6BB1100D562D3 /* LFBShowImageVC.m */,
				13D2661022E6BB1100D562D3 /* YXYTGroupImageCell.h */,
				13D2661822E6BB1100D562D3 /* YXYTGroupImageCell.m */,
				13D2661B22E6BB1100D562D3 /* LFBShowImageCell.h */,
				13D2661422E6BB1100D562D3 /* LFBShowImageCell.m */,
				13D2661622E6BB1100D562D3 /* LFBShowImageCell.xib */,
				13D2661D22E6BB1100D562D3 /* LFBSelfImage.h */,
				13D2661222E6BB1100D562D3 /* LFBSelfImage.m */,
				13D2662A22E6BD3D00D562D3 /* LFBNaviServer.h */,
				13D2662B22E6BD3D00D562D3 /* LFBNaviServer.m */,
				13D2661322E6BB1100D562D3 /* LFBAsset.h */,
				13D2661A22E6BB1100D562D3 /* LFBAsset.m */,
				13D2661F22E6BB1100D562D3 /* PHAssetLibrary.h */,
				13D2661722E6BB1100D562D3 /* PHAssetLibrary.m */,
				13D2665722E6DDF700D562D3 /* Resources */,
			);
			path = LFBPhotoPickerManagers;
			sourceTree = "<group>";
		};
		13D2662E22E6BFA400D562D3 /* Masonry */ = {
			isa = PBXGroup;
			children = (
				13D2662F22E6BFA400D562D3 /* LICENSE */,
				13D2663022E6BFA400D562D3 /* Masonry */,
				13D2664A22E6BFA400D562D3 /* README.md */,
			);
			path = Masonry;
			sourceTree = SOURCE_ROOT;
		};
		13D2663022E6BFA400D562D3 /* Masonry */ = {
			isa = PBXGroup;
			children = (
				13D2663122E6BFA400D562D3 /* MASCompositeConstraint.h */,
				13D2663222E6BFA400D562D3 /* NSLayoutConstraint+MASDebugAdditions.m */,
				13D2663322E6BFA400D562D3 /* MASConstraint+Private.h */,
				13D2663422E6BFA400D562D3 /* MASLayoutConstraint.h */,
				13D2663522E6BFA400D562D3 /* NSArray+MASShorthandAdditions.h */,
				13D2663622E6BFA400D562D3 /* MASConstraintMaker.h */,
				13D2663722E6BFA400D562D3 /* View+MASAdditions.h */,
				13D2663822E6BFA400D562D3 /* NSArray+MASAdditions.h */,
				13D2663922E6BFA400D562D3 /* MASUtilities.h */,
				13D2663A22E6BFA400D562D3 /* MASViewAttribute.h */,
				13D2663B22E6BFA400D562D3 /* ViewController+MASAdditions.m */,
				13D2663C22E6BFA400D562D3 /* MASViewConstraint.h */,
				13D2663D22E6BFA400D562D3 /* MASConstraint.h */,
				13D2663E22E6BFA400D562D3 /* NSLayoutConstraint+MASDebugAdditions.h */,
				13D2663F22E6BFA400D562D3 /* MASCompositeConstraint.m */,
				13D2664022E6BFA400D562D3 /* MASConstraintMaker.m */,
				13D2664122E6BFA400D562D3 /* MASLayoutConstraint.m */,
				13D2664222E6BFA400D562D3 /* NSArray+MASAdditions.m */,
				13D2664322E6BFA400D562D3 /* View+MASAdditions.m */,
				13D2664422E6BFA400D562D3 /* View+MASShorthandAdditions.h */,
				13D2664522E6BFA400D562D3 /* Masonry.h */,
				13D2664622E6BFA400D562D3 /* MASConstraint.m */,
				13D2664722E6BFA400D562D3 /* ViewController+MASAdditions.h */,
				13D2664822E6BFA400D562D3 /* MASViewConstraint.m */,
				13D2664922E6BFA400D562D3 /* MASViewAttribute.m */,
			);
			path = Masonry;
			sourceTree = "<group>";
		};
		13D2665722E6DDF700D562D3 /* Resources */ = {
			isa = PBXGroup;
			children = (
				13D2665822E6DDF700D562D3 /* ic_photo_hook@3x.png */,
				13D2665922E6DDF700D562D3 /* ic_photo_hook@2x.png */,
				13D2665A22E6DDF700D562D3 /* ic_photo_hook_p@2x.png */,
				13D2665B22E6DDF700D562D3 /* ic_photo_hook_p@3x.png */,
			);
			path = Resources;
			sourceTree = "<group>";
		};
/* End PBXGroup section */

/* Begin PBXNativeTarget section */
		13D265D822E6BADE00D562D3 /* LFBPhotoPicker */ = {
			isa = PBXNativeTarget;
			buildConfigurationList = 13D2660522E6BAE500D562D3 /* Build configuration list for PBXNativeTarget "LFBPhotoPicker" */;
			buildPhases = (
				13D265D522E6BADE00D562D3 /* Sources */,
				13D265D622E6BADE00D562D3 /* Frameworks */,
				13D265D722E6BADE00D562D3 /* Resources */,
			);
			buildRules = (
			);
			dependencies = (
			);
			name = LFBPhotoPicker;
			productName = LFBPhotoPicker;
			productReference = 13D265D922E6BADE00D562D3 /* LFBPhotoPicker.app */;
			productType = "com.apple.product-type.application";
		};
		13D265F022E6BAE400D562D3 /* LFBPhotoPickerTests */ = {
			isa = PBXNativeTarget;
			buildConfigurationList = 13D2660822E6BAE500D562D3 /* Build configuration list for PBXNativeTarget "LFBPhotoPickerTests" */;
			buildPhases = (
				13D265ED22E6BAE400D562D3 /* Sources */,
				13D265EE22E6BAE400D562D3 /* Frameworks */,
				13D265EF22E6BAE400D562D3 /* Resources */,
			);
			buildRules = (
			);
			dependencies = (
				13D265F322E6BAE400D562D3 /* PBXTargetDependency */,
			);
			name = LFBPhotoPickerTests;
			productName = LFBPhotoPickerTests;
			productReference = 13D265F122E6BAE400D562D3 /* LFBPhotoPickerTests.xctest */;
			productType = "com.apple.product-type.bundle.unit-test";
		};
		13D265FB22E6BAE500D562D3 /* LFBPhotoPickerUITests */ = {
			isa = PBXNativeTarget;
			buildConfigurationList = 13D2660B22E6BAE500D562D3 /* Build configuration list for PBXNativeTarget "LFBPhotoPickerUITests" */;
			buildPhases = (
				13D265F822E6BAE500D562D3 /* Sources */,
				13D265F922E6BAE500D562D3 /* Frameworks */,
				13D265FA22E6BAE500D562D3 /* Resources */,
			);
			buildRules = (
			);
			dependencies = (
				13D265FE22E6BAE500D562D3 /* PBXTargetDependency */,
			);
			name = LFBPhotoPickerUITests;
			productName = LFBPhotoPickerUITests;
			productReference = 13D265FC22E6BAE500D562D3 /* LFBPhotoPickerUITests.xctest */;
			productType = "com.apple.product-type.bundle.ui-testing";
		};
/* End PBXNativeTarget section */

/* Begin PBXProject section */
		13D265D122E6BADE00D562D3 /* Project object */ = {
			isa = PBXProject;
			attributes = {
				LastUpgradeCheck = 1020;
				ORGANIZATIONNAME = liufubo;
				TargetAttributes = {
					13D265D822E6BADE00D562D3 = {
						CreatedOnToolsVersion = 10.2;
					};
					13D265F022E6BAE400D562D3 = {
						CreatedOnToolsVersion = 10.2;
						TestTargetID = 13D265D822E6BADE00D562D3;
					};
					13D265FB22E6BAE500D562D3 = {
						CreatedOnToolsVersion = 10.2;
						TestTargetID = 13D265D822E6BADE00D562D3;
					};
				};
			};
			buildConfigurationList = 13D265D422E6BADE00D562D3 /* Build configuration list for PBXProject "LFBPhotoPicker" */;
			compatibilityVersion = "Xcode 9.3";
			developmentRegion = en;
			hasScannedForEncodings = 0;
			knownRegions = (
				en,
				Base,
			);
			mainGroup = 13D265D022E6BADE00D562D3;
			productRefGroup = 13D265DA22E6BADE00D562D3 /* Products */;
			projectDirPath = "";
			projectRoot = "";
			targets = (
				13D265D822E6BADE00D562D3 /* LFBPhotoPicker */,
				13D265F022E6BAE400D562D3 /* LFBPhotoPickerTests */,
				13D265FB22E6BAE500D562D3 /* LFBPhotoPickerUITests */,
			);
		};
/* End PBXProject section */

/* Begin PBXResourcesBuildPhase section */
		13D265D722E6BADE00D562D3 /* Resources */ = {
			isa = PBXResourcesBuildPhase;
			buildActionMask = 2147483647;
			files = (
				13D2665622E6BFA400D562D3 /* README.md in Resources */,
				13D265E922E6BAE400D562D3 /* LaunchScreen.storyboard in Resources */,
				13D2662422E6BB1100D562D3 /* LFBShowImageCell.xib in Resources */,
				13D265E622E6BAE400D562D3 /* Assets.xcassets in Resources */,
				13D265E422E6BADE00D562D3 /* Main.storyboard in Resources */,
				13D2665C22E6DDF700D562D3 /* ic_photo_hook@3x.png in Resources */,
				13D2665F22E6DDF700D562D3 /* ic_photo_hook_p@3x.png in Resources */,
				13D2665E22E6DDF700D562D3 /* ic_photo_hook_p@2x.png in Resources */,
				13D2665D22E6DDF700D562D3 /* ic_photo_hook@2x.png in Resources */,
				13D2664B22E6BFA400D562D3 /* LICENSE in Resources */,
				134FA23722E9909600058A42 /* photo.gif in Resources */,
			);
			runOnlyForDeploymentPostprocessing = 0;
		};
		13D265EF22E6BAE400D562D3 /* Resources */ = {
			isa = PBXResourcesBuildPhase;
			buildActionMask = 2147483647;
			files = (
			);
			runOnlyForDeploymentPostprocessing = 0;
		};
		13D265FA22E6BAE500D562D3 /* Resources */ = {
			isa = PBXResourcesBuildPhase;
			buildActionMask = 2147483647;
			files = (
			);
			runOnlyForDeploymentPostprocessing = 0;
		};
/* End PBXResourcesBuildPhase section */

/* Begin PBXSourcesBuildPhase section */
		13D265D522E6BADE00D562D3 /* Sources */ = {
			isa = PBXSourcesBuildPhase;
			buildActionMask = 2147483647;
			files = (
				13D2665222E6BFA400D562D3 /* View+MASAdditions.m in Sources */,
				13D2665522E6BFA400D562D3 /* MASViewAttribute.m in Sources */,
				134FA23322E94A0500058A42 /* PhotoModel.m in Sources */,
				13D2664C22E6BFA400D562D3 /* NSLayoutConstraint+MASDebugAdditions.m in Sources */,
				13D2662522E6BB1100D562D3 /* PHAssetLibrary.m in Sources */,
				13D2662822E6BB1100D562D3 /* LFBAsset.m in Sources */,
				13D2665322E6BFA400D562D3 /* MASConstraint.m in Sources */,
				13D265E122E6BADE00D562D3 /* ViewController.m in Sources */,
				13D2664E22E6BFA400D562D3 /* MASCompositeConstraint.m in Sources */,
				13D2664F22E6BFA400D562D3 /* MASConstraintMaker.m in Sources */,
				13D2664D22E6BFA400D562D3 /* ViewController+MASAdditions.m in Sources */,
				13D2662C22E6BD3D00D562D3 /* LFBNaviServer.m in Sources */,
				134FA23022E949DF00058A42 /* CollectionViewCell.m in Sources */,
				13D2662122E6BB1100D562D3 /* LFBSelfImage.m in Sources */,
				13D2662022E6BB1100D562D3 /* LFBImageGroupVC.m in Sources */,
				13D265EC22E6BAE400D562D3 /* main.m in Sources */,
				13D2665022E6BFA400D562D3 /* MASLayoutConstraint.m in Sources */,
				13D2662622E6BB1100D562D3 /* YXYTGroupImageCell.m in Sources */,
				13D2662322E6BB1100D562D3 /* LFBPhotoPickerService.m in Sources */,
				13D2665122E6BFA400D562D3 /* NSArray+MASAdditions.m in Sources */,
				13D265DE22E6BADE00D562D3 /* AppDelegate.m in Sources */,
				13D2665422E6BFA400D562D3 /* MASViewConstraint.m in Sources */,
				13D2662722E6BB1100D562D3 /* LFBShowImageVC.m in Sources */,
				13D2662222E6BB1100D562D3 /* LFBShowImageCell.m in Sources */,
			);
			runOnlyForDeploymentPostprocessing = 0;
		};
		13D265ED22E6BAE400D562D3 /* Sources */ = {
			isa = PBXSourcesBuildPhase;
			buildActionMask = 2147483647;
			files = (
				13D265F622E6BAE400D562D3 /* LFBPhotoPickerTests.m in Sources */,
			);
			runOnlyForDeploymentPostprocessing = 0;
		};
		13D265F822E6BAE500D562D3 /* Sources */ = {
			isa = PBXSourcesBuildPhase;
			buildActionMask = 2147483647;
			files = (
				13D2660122E6BAE500D562D3 /* LFBPhotoPickerUITests.m in Sources */,
			);
			runOnlyForDeploymentPostprocessing = 0;
		};
/* End PBXSourcesBuildPhase section */

/* Begin PBXTargetDependency section */
		13D265F322E6BAE400D562D3 /* PBXTargetDependency */ = {
			isa = PBXTargetDependency;
			target = 13D265D822E6BADE00D562D3 /* LFBPhotoPicker */;
			targetProxy = 13D265F222E6BAE400D562D3 /* PBXContainerItemProxy */;
		};
		13D265FE22E6BAE500D562D3 /* PBXTargetDependency */ = {
			isa = PBXTargetDependency;
			target = 13D265D822E6BADE00D562D3 /* LFBPhotoPicker */;
			targetProxy = 13D265FD22E6BAE500D562D3 /* PBXContainerItemProxy */;
		};
/* End PBXTargetDependency section */

/* Begin PBXVariantGroup section */
		13D265E222E6BADE00D562D3 /* Main.storyboard */ = {
			isa = PBXVariantGroup;
			children = (
				13D265E322E6BADE00D562D3 /* Base */,
			);
			name = Main.storyboard;
			sourceTree = "<group>";
		};
		13D265E722E6BAE400D562D3 /* LaunchScreen.storyboard */ = {
			isa = PBXVariantGroup;
			children = (
				13D265E822E6BAE400D562D3 /* Base */,
			);
			name = LaunchScreen.storyboard;
			sourceTree = "<group>";
		};
/* End PBXVariantGroup section */

/* Begin XCBuildConfiguration section */
		13D2660322E6BAE500D562D3 /* Debug */ = {
			isa = XCBuildConfiguration;
			buildSettings = {
				ALWAYS_SEARCH_USER_PATHS = NO;
				CLANG_ANALYZER_NONNULL = YES;
				CLANG_ANALYZER_NUMBER_OBJECT_CONVERSION = YES_AGGRESSIVE;
				CLANG_CXX_LANGUAGE_STANDARD = "gnu++14";
				CLANG_CXX_LIBRARY = "libc++";
				CLANG_ENABLE_MODULES = YES;
				CLANG_ENABLE_OBJC_ARC = YES;
				CLANG_ENABLE_OBJC_WEAK = YES;
				CLANG_WARN_BLOCK_CAPTURE_AUTORELEASING = YES;
				CLANG_WARN_BOOL_CONVERSION = YES;
				CLANG_WARN_COMMA = YES;
				CLANG_WARN_CONSTANT_CONVERSION = YES;
				CLANG_WARN_DEPRECATED_OBJC_IMPLEMENTATIONS = YES;
				CLANG_WARN_DIRECT_OBJC_ISA_USAGE = YES_ERROR;
				CLANG_WARN_DOCUMENTATION_COMMENTS = YES;
				CLANG_WARN_EMPTY_BODY = YES;
				CLANG_WARN_ENUM_CONVERSION = YES;
				CLANG_WARN_INFINITE_RECURSION = YES;
				CLANG_WARN_INT_CONVERSION = YES;
				CLANG_WARN_NON_LITERAL_NULL_CONVERSION = YES;
				CLANG_WARN_OBJC_IMPLICIT_RETAIN_SELF = YES;
				CLANG_WARN_OBJC_LITERAL_CONVERSION = YES;
				CLANG_WARN_OBJC_ROOT_CLASS = YES_ERROR;
				CLANG_WARN_RANGE_LOOP_ANALYSIS = YES;
				CLANG_WARN_STRICT_PROTOTYPES = YES;
				CLANG_WARN_SUSPICIOUS_MOVE = YES;
				CLANG_WARN_UNGUARDED_AVAILABILITY = YES_AGGRESSIVE;
				CLANG_WARN_UNREACHABLE_CODE = YES;
				CLANG_WARN__DUPLICATE_METHOD_MATCH = YES;
				CODE_SIGN_IDENTITY = "iPhone Developer";
				COPY_PHASE_STRIP = NO;
				DEBUG_INFORMATION_FORMAT = dwarf;
				ENABLE_STRICT_OBJC_MSGSEND = YES;
				ENABLE_TESTABILITY = YES;
				GCC_C_LANGUAGE_STANDARD = gnu11;
				GCC_DYNAMIC_NO_PIC = NO;
				GCC_NO_COMMON_BLOCKS = YES;
				GCC_OPTIMIZATION_LEVEL = 0;
				GCC_PREPROCESSOR_DEFINITIONS = (
					"DEBUG=1",
					"$(inherited)",
				);
				GCC_WARN_64_TO_32_BIT_CONVERSION = YES;
				GCC_WARN_ABOUT_RETURN_TYPE = YES_ERROR;
				GCC_WARN_UNDECLARED_SELECTOR = YES;
				GCC_WARN_UNINITIALIZED_AUTOS = YES_AGGRESSIVE;
				GCC_WARN_UNUSED_FUNCTION = YES;
				GCC_WARN_UNUSED_VARIABLE = YES;
				IPHONEOS_DEPLOYMENT_TARGET = 12.2;
				MTL_ENABLE_DEBUG_INFO = INCLUDE_SOURCE;
				MTL_FAST_MATH = YES;
				ONLY_ACTIVE_ARCH = YES;
				SDKROOT = iphoneos;
			};
			name = Debug;
		};
		13D2660422E6BAE500D562D3 /* Release */ = {
			isa = XCBuildConfiguration;
			buildSettings = {
				ALWAYS_SEARCH_USER_PATHS = NO;
				CLANG_ANALYZER_NONNULL = YES;
				CLANG_ANALYZER_NUMBER_OBJECT_CONVERSION = YES_AGGRESSIVE;
				CLANG_CXX_LANGUAGE_STANDARD = "gnu++14";
				CLANG_CXX_LIBRARY = "libc++";
				CLANG_ENABLE_MODULES = YES;
				CLANG_ENABLE_OBJC_ARC = YES;
				CLANG_ENABLE_OBJC_WEAK = YES;
				CLANG_WARN_BLOCK_CAPTURE_AUTORELEASING = YES;
				CLANG_WARN_BOOL_CONVERSION = YES;
				CLANG_WARN_COMMA = YES;
				CLANG_WARN_CONSTANT_CONVERSION = YES;
				CLANG_WARN_DEPRECATED_OBJC_IMPLEMENTATIONS = YES;
				CLANG_WARN_DIRECT_OBJC_ISA_USAGE = YES_ERROR;
				CLANG_WARN_DOCUMENTATION_COMMENTS = YES;
				CLANG_WARN_EMPTY_BODY = YES;
				CLANG_WARN_ENUM_CONVERSION = YES;
				CLANG_WARN_INFINITE_RECURSION = YES;
				CLANG_WARN_INT_CONVERSION = YES;
				CLANG_WARN_NON_LITERAL_NULL_CONVERSION = YES;
				CLANG_WARN_OBJC_IMPLICIT_RETAIN_SELF = YES;
				CLANG_WARN_OBJC_LITERAL_CONVERSION = YES;
				CLANG_WARN_OBJC_ROOT_CLASS = YES_ERROR;
				CLANG_WARN_RANGE_LOOP_ANALYSIS = YES;
				CLANG_WARN_STRICT_PROTOTYPES = YES;
				CLANG_WARN_SUSPICIOUS_MOVE = YES;
				CLANG_WARN_UNGUARDED_AVAILABILITY = YES_AGGRESSIVE;
				CLANG_WARN_UNREACHABLE_CODE = YES;
				CLANG_WARN__DUPLICATE_METHOD_MATCH = YES;
				CODE_SIGN_IDENTITY = "iPhone Developer";
				COPY_PHASE_STRIP = NO;
				DEBUG_INFORMATION_FORMAT = "dwarf-with-dsym";
				ENABLE_NS_ASSERTIONS = NO;
				ENABLE_STRICT_OBJC_MSGSEND = YES;
				GCC_C_LANGUAGE_STANDARD = gnu11;
				GCC_NO_COMMON_BLOCKS = YES;
				GCC_WARN_64_TO_32_BIT_CONVERSION = YES;
				GCC_WARN_ABOUT_RETURN_TYPE = YES_ERROR;
				GCC_WARN_UNDECLARED_SELECTOR = YES;
				GCC_WARN_UNINITIALIZED_AUTOS = YES_AGGRESSIVE;
				GCC_WARN_UNUSED_FUNCTION = YES;
				GCC_WARN_UNUSED_VARIABLE = YES;
				IPHONEOS_DEPLOYMENT_TARGET = 12.2;
				MTL_ENABLE_DEBUG_INFO = NO;
				MTL_FAST_MATH = YES;
				SDKROOT = iphoneos;
				VALIDATE_PRODUCT = YES;
			};
			name = Release;
		};
		13D2660622E6BAE500D562D3 /* Debug */ = {
			isa = XCBuildConfiguration;
			buildSettings = {
				ASSETCATALOG_COMPILER_APPICON_NAME = AppIcon;
				CODE_SIGN_STYLE = Automatic;
				DEVELOPMENT_TEAM = 6VUB45YDCB;
				INFOPLIST_FILE = LFBPhotoPicker/Info.plist;
				IPHONEOS_DEPLOYMENT_TARGET = 8.0;
				LD_RUNPATH_SEARCH_PATHS = (
					"$(inherited)",
					"@executable_path/Frameworks",
				);
				PRODUCT_BUNDLE_IDENTIFIER = liufubo.com.liufubo.LFBPhotoPicker;
				PRODUCT_NAME = "$(TARGET_NAME)";
				TARGETED_DEVICE_FAMILY = "1,2";
			};
			name = Debug;
		};
		13D2660722E6BAE500D562D3 /* Release */ = {
			isa = XCBuildConfiguration;
			buildSettings = {
				ASSETCATALOG_COMPILER_APPICON_NAME = AppIcon;
				CODE_SIGN_STYLE = Automatic;
				DEVELOPMENT_TEAM = 6VUB45YDCB;
				INFOPLIST_FILE = LFBPhotoPicker/Info.plist;
				IPHONEOS_DEPLOYMENT_TARGET = 8.0;
				LD_RUNPATH_SEARCH_PATHS = (
					"$(inherited)",
					"@executable_path/Frameworks",
				);
				PRODUCT_BUNDLE_IDENTIFIER = liufubo.com.liufubo.LFBPhotoPicker;
				PRODUCT_NAME = "$(TARGET_NAME)";
				TARGETED_DEVICE_FAMILY = "1,2";
			};
			name = Release;
		};
		13D2660922E6BAE500D562D3 /* Debug */ = {
			isa = XCBuildConfiguration;
			buildSettings = {
				BUNDLE_LOADER = "$(TEST_HOST)";
				CODE_SIGN_STYLE = Automatic;
				INFOPLIST_FILE = LFBPhotoPickerTests/Info.plist;
				LD_RUNPATH_SEARCH_PATHS = (
					"$(inherited)",
					"@executable_path/Frameworks",
					"@loader_path/Frameworks",
				);
				PRODUCT_BUNDLE_IDENTIFIER = liufubo.com.liufubo.LFBPhotoPickerTests;
				PRODUCT_NAME = "$(TARGET_NAME)";
				TARGETED_DEVICE_FAMILY = "1,2";
				TEST_HOST = "$(BUILT_PRODUCTS_DIR)/LFBPhotoPicker.app/LFBPhotoPicker";
			};
			name = Debug;
		};
		13D2660A22E6BAE500D562D3 /* Release */ = {
			isa = XCBuildConfiguration;
			buildSettings = {
				BUNDLE_LOADER = "$(TEST_HOST)";
				CODE_SIGN_STYLE = Automatic;
				INFOPLIST_FILE = LFBPhotoPickerTests/Info.plist;
				LD_RUNPATH_SEARCH_PATHS = (
					"$(inherited)",
					"@executable_path/Frameworks",
					"@loader_path/Frameworks",
				);
				PRODUCT_BUNDLE_IDENTIFIER = liufubo.com.liufubo.LFBPhotoPickerTests;
				PRODUCT_NAME = "$(TARGET_NAME)";
				TARGETED_DEVICE_FAMILY = "1,2";
				TEST_HOST = "$(BUILT_PRODUCTS_DIR)/LFBPhotoPicker.app/LFBPhotoPicker";
			};
			name = Release;
		};
		13D2660C22E6BAE500D562D3 /* Debug */ = {
			isa = XCBuildConfiguration;
			buildSettings = {
				CODE_SIGN_STYLE = Automatic;
				INFOPLIST_FILE = LFBPhotoPickerUITests/Info.plist;
				LD_RUNPATH_SEARCH_PATHS = (
					"$(inherited)",
					"@executable_path/Frameworks",
					"@loader_path/Frameworks",
				);
				PRODUCT_BUNDLE_IDENTIFIER = liufubo.com.liufubo.LFBPhotoPickerUITests;
				PRODUCT_NAME = "$(TARGET_NAME)";
				TARGETED_DEVICE_FAMILY = "1,2";
				TEST_TARGET_NAME = LFBPhotoPicker;
			};
			name = Debug;
		};
		13D2660D22E6BAE500D562D3 /* Release */ = {
			isa = XCBuildConfiguration;
			buildSettings = {
				CODE_SIGN_STYLE = Automatic;
				INFOPLIST_FILE = LFBPhotoPickerUITests/Info.plist;
				LD_RUNPATH_SEARCH_PATHS = (
					"$(inherited)",
					"@executable_path/Frameworks",
					"@loader_path/Frameworks",
				);
				PRODUCT_BUNDLE_IDENTIFIER = liufubo.com.liufubo.LFBPhotoPickerUITests;
				PRODUCT_NAME = "$(TARGET_NAME)";
				TARGETED_DEVICE_FAMILY = "1,2";
				TEST_TARGET_NAME = LFBPhotoPicker;
			};
			name = Release;
		};
/* End XCBuildConfiguration section */

/* Begin XCConfigurationList section */
		13D265D422E6BADE00D562D3 /* Build configuration list for PBXProject "LFBPhotoPicker" */ = {
			isa = XCConfigurationList;
			buildConfigurations = (
				13D2660322E6BAE500D562D3 /* Debug */,
				13D2660422E6BAE500D562D3 /* Release */,
			);
			defaultConfigurationIsVisible = 0;
			defaultConfigurationName = Release;
		};
		13D2660522E6BAE500D562D3 /* Build configuration list for PBXNativeTarget "LFBPhotoPicker" */ = {
			isa = XCConfigurationList;
			buildConfigurations = (
				13D2660622E6BAE500D562D3 /* Debug */,
				13D2660722E6BAE500D562D3 /* Release */,
			);
			defaultConfigurationIsVisible = 0;
			defaultConfigurationName = Release;
		};
		13D2660822E6BAE500D562D3 /* Build configuration list for PBXNativeTarget "LFBPhotoPickerTests" */ = {
			isa = XCConfigurationList;
			buildConfigurations = (
				13D2660922E6BAE500D562D3 /* Debug */,
				13D2660A22E6BAE500D562D3 /* Release */,
			);
			defaultConfigurationIsVisible = 0;
			defaultConfigurationName = Release;
		};
		13D2660B22E6BAE500D562D3 /* Build configuration list for PBXNativeTarget "LFBPhotoPickerUITests" */ = {
			isa = XCConfigurationList;
			buildConfigurations = (
				13D2660C22E6BAE500D562D3 /* Debug */,
				13D2660D22E6BAE500D562D3 /* Release */,
			);
			defaultConfigurationIsVisible = 0;
			defaultConfigurationName = Release;
		};
/* End XCConfigurationList section */
	};
	rootObject = 13D265D122E6BADE00D562D3 /* Project object */;
}
